{
  "name": "@fukaraadam-workspace/npm-package-examples",
  "version": "0.1.2",
  "lockfileVersion": 3,
  "requires": true,
  "packages": {
    "": {
      "name": "@fukaraadam-workspace/npm-package-examples",
      "version": "0.1.2",
      "license": "ISC",
      "workspaces": [
        "packages/basic-package"
      ]
    },
    "node_modules/@fukaraadam-workspace/basic-package": {
      "resolved": "packages/basic-package",
      "link": true
    },
    "packages/basic-package": {
      "name": "@fukaraadam-workspace/basic-package",
      "version": "0.1.3",
      "license": "ISC"
    }
  }
}
